// !$*UTF8*$!
{
	archiveVersion = 1;
	classes = {
	};
	objectVersion = 56;
	objects = {

/* Begin PBXBuildFile section */
		AA010001000000000000001B /* GBALinkEmulatorApp.swift in Sources */ = {isa = PBXBuildFile; fileRef = AA010001000000000000001A /* GBALinkEmulatorApp.swift */; };
		AA010002000000000000001B /* ContentView.swift in Sources */ = {isa = PBXBuildFile; fileRef = AA010002000000000000001A /* ContentView.swift */; };
		AA010003000000000000001B /* GBAEmulatorCore.swift in Sources */ = {isa = PBXBuildFile; fileRef = AA010003000000000000001A /* GBAEmulatorCore.swift */; };
		AA010004000000000000001B /* GBACoreBridge.m in Sources */ = {isa = PBXBuildFile; fileRef = AA010004000000000000001A /* GBACoreBridge.m */; };
		AA010005000000000000001B /* LinkCableSession.swift in Sources */ = {isa = PBXBuildFile; fileRef = AA010005000000000000001A /* LinkCableSession.swift */; };
		AA010006000000000000001B /* ROMFile.swift in Sources */ = {isa = PBXBuildFile; fileRef = AA010006000000000000001A /* ROMFile.swift */; };
		AA010007000000000000001B /* LinkCableHost.swift in Sources */ = {isa = PBXBuildFile; fileRef = AA010007000000000000001A /* LinkCableHost.swift */; };
		AA010008000000000000001B /* LinkCableClient.swift in Sources */ = {isa = PBXBuildFile; fileRef = AA010008000000000000001A /* LinkCableClient.swift */; };
		AA010009000000000000001B /* EmulatorView.swift in Sources */ = {isa = PBXBuildFile; fileRef = AA010009000000000000001A /* EmulatorView.swift */; };
		AA01000A000000000000001B /* ROMListView.swift in Sources */ = {isa = PBXBuildFile; fileRef = AA01000A000000000000001A /* ROMListView.swift */; };
		AA01000B000000000000001B /* MultiplayerView.swift in Sources */ = {isa = PBXBuildFile; fileRef = AA01000B000000000000001A /* MultiplayerView.swift */; };
		AA01000C000000000000001B /* VirtualControlsView.swift in Sources */ = {isa = PBXBuildFile; fileRef = AA01000C000000000000001A /* VirtualControlsView.swift */; };
		AA01000D000000000000001B /* Assets.xcassets in Resources */ = {isa = PBXBuildFile; fileRef = AA01000D000000000000001A /* Assets.xcassets */; };
/* End PBXBuildFile section */

/* Begin PBXFileReference section */
		AA010001000000000000001A /* GBALinkEmulatorApp.swift */ = {isa = PBXFileReference; lastKnownFileType = sourcecode.swift; path = GBALinkEmulatorApp.swift; sourceTree = "<group>"; };
		AA010002000000000000001A /* ContentView.swift */ = {isa = PBXFileReference; lastKnownFileType = sourcecode.swift; path = ContentView.swift; sourceTree = "<group>"; };
		AA010003000000000000001A /* GBAEmulatorCore.swift */ = {isa = PBXFileReference; lastKnownFileType = sourcecode.swift; path = GBAEmulatorCore.swift; sourceTree = "<group>"; };
		AA010004000000000000001A /* GBACoreBridge.m */ = {isa = PBXFileReference; lastKnownFileType = sourcecode.c.objc; path = GBACoreBridge.m; sourceTree = "<group>"; };
		AA010004100000000000001A /* GBACoreBridge.h */ = {isa = PBXFileReference; lastKnownFileType = sourcecode.c.h; path = GBACoreBridge.h; sourceTree = "<group>"; };
		AA010004200000000000001A /* GBALinkEmulator-Bridging-Header.h */ = {isa = PBXFileReference; lastKnownFileType = sourcecode.c.h; path = "GBALinkEmulator-Bridging-Header.h"; sourceTree = "<group>"; };
		AA010005000000000000001A /* LinkCableSession.swift */ = {isa = PBXFileReference; lastKnownFileType = sourcecode.swift; path = LinkCableSession.swift; sourceTree = "<group>"; };
		AA010006000000000000001A /* ROMFile.swift */ = {isa = PBXFileReference; lastKnownFileType = sourcecode.swift; path = ROMFile.swift; sourceTree = "<group>"; };
		AA010007000000000000001A /* LinkCableHost.swift */ = {isa = PBXFileReference; lastKnownFileType = sourcecode.swift; path = LinkCableHost.swift; sourceTree = "<group>"; };
		AA010008000000000000001A /* LinkCableClient.swift */ = {isa = PBXFileReference; lastKnownFileType = sourcecode.swift; path = LinkCableClient.swift; sourceTree = "<group>"; };
		AA010009000000000000001A /* EmulatorView.swift */ = {isa = PBXFileReference; lastKnownFileType = sourcecode.swift; path = EmulatorView.swift; sourceTree = "<group>"; };
		AA01000A000000000000001A /* ROMListView.swift */ = {isa = PBXFileReference; lastKnownFileType = sourcecode.swift; path = ROMListView.swift; sourceTree = "<group>"; };
		AA01000B000000000000001A /* MultiplayerView.swift */ = {isa = PBXFileReference; lastKnownFileType = sourcecode.swift; path = MultiplayerView.swift; sourceTree = "<group>"; };
		AA01000C000000000000001A /* VirtualControlsView.swift */ = {isa = PBXFileReference; lastKnownFileType = sourcecode.swift; path = VirtualControlsView.swift; sourceTree = "<group>"; };
		AA01000D000000000000001A /* Assets.xcassets */ = {isa = PBXFileReference; lastKnownFileType = folder.assetcatalog; path = Assets.xcassets; sourceTree = "<group>"; };
		AA01000E000000000000001A /* Info.plist */ = {isa = PBXFileReference; lastKnownFileType = text.plist.xml; path = Info.plist; sourceTree = "<group>"; };
		AA0100F0000000000000001A /* GBALinkEmulator.app */ = {isa = PBXFileReference; explicitFileType = wrapper.application; includeInIndex = 0; path = GBALinkEmulator.app; sourceTree = BUILT_PRODUCTS_DIR; };
/* End PBXFileReference section */

/* Begin PBXFrameworksBuildPhase section */
		AA0100E1000000000000001A /* Frameworks */ = {
			isa = PBXFrameworksBuildPhase;
			buildActionMask = 2147483647;
			files = (
			);
			runOnlyForDeploymentPostprocessing = 0;
		};
/* End PBXFrameworksBuildPhase section */

/* Begin PBXGroup section */
		AA0100CF000000000000001A = {
			isa = PBXGroup;
			children = (
				AA0100D1000000000000001A /* GBALinkEmulator */,
				AA0100D0000000000000001A /* Products */,
			);
			sourceTree = "<group>";
		};
		AA0100D0000000000000001A /* Products */ = {
			isa = PBXGroup;
			children = (
				AA0100F0000000000000001A /* GBALinkEmulator.app */,
			);
			name = Products;
			sourceTree = "<group>";
		};
		AA0100D1000000000000001A /* GBALinkEmulator */ = {
			isa = PBXGroup;
			children = (
				AA010001000000000000001A /* GBALinkEmulatorApp.swift */,
				AA010002000000000000001A /* ContentView.swift */,
				AA010004200000000000001A /* GBALinkEmulator-Bridging-Header.h */,
				AA01000E000000000000001A /* Info.plist */,
				AA01000D000000000000001A /* Assets.xcassets */,
				AA0100D2000000000000001A /* Emulator */,
				AA0100D6000000000000001A /* Bridge */,
				AA0100D3000000000000001A /* Models */,
				AA0100D4000000000000001A /* Network */,
				AA0100D5000000000000001A /* Views */,
			);
			path = GBALinkEmulator;
			sourceTree = "<group>";
		};
		AA0100D2000000000000001A /* Emulator */ = {
			isa = PBXGroup;
			children = (
				AA010003000000000000001A /* GBAEmulatorCore.swift */,
			);
			path = Emulator;
			sourceTree = "<group>";
		};
		AA0100D6000000000000001A /* Bridge */ = {
			isa = PBXGroup;
			children = (
				AA010004100000000000001A /* GBACoreBridge.h */,
				AA010004000000000000001A /* GBACoreBridge.m */,
			);
			path = Bridge;
			sourceTree = "<group>";
		};
		AA0100D3000000000000001A /* Models */ = {
			isa = PBXGroup;
			children = (
				AA010005000000000000001A /* LinkCableSession.swift */,
				AA010006000000000000001A /* ROMFile.swift */,
			);
			path = Models;
			sourceTree = "<group>";
		};
		AA0100D4000000000000001A /* Network */ = {
			isa = PBXGroup;
			children = (
				AA010007000000000000001A /* LinkCableHost.swift */,
				AA010008000000000000001A /* LinkCableClient.swift */,
			);
			path = Network;
			sourceTree = "<group>";
		};
		AA0100D5000000000000001A /* Views */ = {
			isa = PBXGroup;
			children = (
				AA010009000000000000001A /* EmulatorView.swift */,
				AA01000A000000000000001A /* ROMListView.swift */,
				AA01000B000000000000001A /* MultiplayerView.swift */,
				AA01000C000000000000001A /* VirtualControlsView.swift */,
			);
			path = Views;
			sourceTree = "<group>";
		};
/* End PBXGroup section */

/* Begin PBXNativeTarget section */
		AA0100A0000000000000001A /* GBALinkEmulator */ = {
			isa = PBXNativeTarget;
			buildConfigurationList = AA0100B0000000000000001A /* Build configuration list for PBXNativeTarget "GBALinkEmulator" */;
			buildPhases = (
				AA0100E0000000000000001A /* Sources */,
				AA0100E1000000000000001A /* Frameworks */,
				AA0100E2000000000000001A /* Resources */,
			);
			buildRules = (
			);
			dependencies = (
			);
			name = GBALinkEmulator;
			productName = GBALinkEmulator;
			productReference = AA0100F0000000000000001A /* GBALinkEmulator.app */;
			productType = "com.apple.product-type.application";
		};
/* End PBXNativeTarget section */

/* Begin PBXProject section */
		AA0100AA000000000000001A /* Project object */ = {
			isa = PBXProject;
			attributes = {
				BuildIndependentTargetsInParallel = 1;
				LastSwiftUpdateCheck = 1500;
				LastUpgradeCheck = 1500;
				TargetAttributes = {
					AA0100A0000000000000001A = {
						CreatedOnToolsVersion = 15.0;
					};
				};
			};
			buildConfigurationList = AA0100BB000000000000001A /* Build configuration list for PBXProject "GBALinkEmulator" */;
			compatibilityVersion = "Xcode 14.0";
			developmentRegion = en;
			hasScannedForEncodings = 0;
			knownRegions = (
				en,
				Base,
			);
			mainGroup = AA0100CF000000000000001A;
			productRefGroup = AA0100D0000000000000001A /* Products */;
			projectDirPath = "";
			projectRoot = "";
			targets = (
				AA0100A0000000000000001A /* GBALinkEmulator */,
			);
		};
/* End PBXProject section */

/* Begin PBXResourcesBuildPhase section */
		AA0100E2000000000000001A /* Resources */ = {
			isa = PBXResourcesBuildPhase;
			buildActionMask = 2147483647;
			files = (
				AA01000D000000000000001B /* Assets.xcassets in Resources */,
			);
			runOnlyForDeploymentPostprocessing = 0;
		};
/* End PBXResourcesBuildPhase section */

/* Begin PBXSourcesBuildPhase section */
		AA0100E0000000000000001A /* Sources */ = {
			isa = PBXSourcesBuildPhase;
			buildActionMask = 2147483647;
			files = (
				AA010001000000000000001B /* GBALinkEmulatorApp.swift in Sources */,
				AA010002000000000000001B /* ContentView.swift in Sources */,
				AA010003000000000000001B /* GBAEmulatorCore.swift in Sources */,
				AA010004000000000000001B /* GBACoreBridge.m in Sources */,
				AA010005000000000000001B /* LinkCableSession.swift in Sources */,
				AA010006000000000000001B /* ROMFile.swift in Sources */,
				AA010007000000000000001B /* LinkCableHost.swift in Sources */,
				AA010008000000000000001B /* LinkCableClient.swift in Sources */,
				AA010009000000000000001B /* EmulatorView.swift in Sources */,
				AA01000A000000000000001B /* ROMListView.swift in Sources */,
				AA01000B000000000000001B /* MultiplayerView.swift in Sources */,
				AA01000C000000000000001B /* VirtualControlsView.swift in Sources */,
			);
			runOnlyForDeploymentPostprocessing = 0;
		};
/* End PBXSourcesBuildPhase section */

/* Begin XCBuildConfiguration section */
		AA0100C0000000000000001A /* Debug */ = {
			isa = XCBuildConfiguration;
			buildSettings = {
				ALWAYS_SEARCH_USER_PATHS = NO;
				ASSETCATALOG_COMPILER_GENERATE_SWIFT_ASSET_SYMBOL_EXTENSIONS = YES;
				CLANG_ANALYZER_NONNULL = YES;
				CLANG_ANALYZER_NUMBER_OBJECT_CONVERSION = YES_AGGRESSIVE;
				CLANG_CXX_LANGUAGE_STANDARD = "gnu++20";
				CLANG_ENABLE_MODULES = YES;
				CLANG_ENABLE_OBJC_ARC = YES;
				CLANG_ENABLE_OBJC_WEAK = YES;
				CLANG_WARN_BLOCK_CAPTURE_AUTORELEASING = YES;
				CLANG_WARN_BOOL_CONVERSION = YES;
				CLANG_WARN_COMMA = YES;
				CLANG_WARN_CONSTANT_CONVERSION = YES;
				CLANG_WARN_DEPRECATED_OBJC_IMPLEMENTATIONS = YES;
				CLANG_WARN_DIRECT_OBJC_ISA_USAGE = YES_ERROR;
				CLANG_WARN_DOCUMENTATION_COMMENTS = YES;
				CLANG_WARN_EMPTY_BODY = YES;
				CLANG_WARN_ENUM_CONVERSION = YES;
				CLANG_WARN_INFINITE_RECURSION = YES;
				CLANG_WARN_INT_CONVERSION = YES;
				CLANG_WARN_NON_LITERAL_NULL_CONVERSION = YES;
				CLANG_WARN_OBJC_IMPLICIT_RETAIN_CYCLE = YES;
				CLANG_WARN_OBJC_LITERAL_CONVERSION = YES;
				CLANG_WARN_OBJC_ROOT_CLASS = YES_ERROR;
				CLANG_WARN_QUOTED_INCLUDE_IN_FRAMEWORK_HEADER = YES;
				CLANG_WARN_RANGE_LOOP_ANALYSIS = YES;
				CLANG_WARN_STRICT_PROTOTYPES = YES;
				CLANG_WARN_SUSPICIOUS_MOVE = YES;
				CLANG_WARN_UNGUARDED_AVAILABILITY = YES_AGGRESSIVE;
				CLANG_WARN_UNREACHABLE_CODE = YES;
				CLANG_WARN__DUPLICATE_METHOD_MATCH = YES;
				COPY_PHASE_STRIP = NO;
				DEBUG_INFORMATION_FORMAT = dwarf;
				ENABLE_STRICT_OBJC_MSGSEND = YES;
				ENABLE_TESTABILITY = YES;
				ENABLE_USER_SCRIPT_SANDBOXING = NO;
				GCC_C_LANGUAGE_STANDARD = gnu17;
				GCC_DYNAMIC_NO_PIC = NO;
				GCC_NO_COMMON_BLOCKS = YES;
				GCC_OPTIMIZATION_LEVEL = 0;
				GCC_PREPROCESSOR_DEFINITIONS = (
					"DEBUG=1",
					"$(inherited)",
				);
				GCC_WARN_64_TO_32_BIT_CONVERSION = YES;
				GCC_WARN_ABOUT_RETURN_TYPE = YES_ERROR;
				GCC_WARN_UNDECLARED_SELECTOR = YES;
				GCC_WARN_UNINITIALIZED_AUTOS = YES_AGGRESSIVE;
				GCC_WARN_UNUSED_FUNCTION = YES;
				GCC_WARN_UNUSED_VARIABLE = YES;
				IPHONEOS_DEPLOYMENT_TARGET = 16.0;
				MTL_ENABLE_DEBUG_INFO = INCLUDE_SOURCE;
				MTL_FAST_MATH = YES;
				ONLY_ACTIVE_ARCH = YES;
				SDKROOT = iphoneos;
				SWIFT_ACTIVE_COMPILATION_CONDITIONS = DEBUG;
				SWIFT_OPTIMIZATION_LEVEL = "-Onone";
			};
			name = Debug;
		};
		AA0100C1000000000000001A /* Release */ = {
			isa = XCBuildConfiguration;
			buildSettings = {
				ALWAYS_SEARCH_USER_PATHS = NO;
				ASSETCATALOG_COMPILER_GENERATE_SWIFT_ASSET_SYMBOL_EXTENSIONS = YES;
				CLANG_ANALYZER_NONNULL = YES;
				CLANG_ANALYZER_NUMBER_OBJECT_CONVERSION = YES_AGGRESSIVE;
				CLANG_CXX_LANGUAGE_STANDARD = "gnu++20";
				CLANG_ENABLE_MODULES = YES;
				CLANG_ENABLE_OBJC_ARC = YES;
				CLANG_ENABLE_OBJC_WEAK = YES;
				CLANG_WARN_BLOCK_CAPTURE_AUTORELEASING = YES;
				CLANG_WARN_BOOL_CONVERSION = YES;
				CLANG_WARN_COMMA = YES;
				CLANG_WARN_CONSTANT_CONVERSION = YES;
				CLANG_WARN_DEPRECATED_OBJC_IMPLEMENTATIONS = YES;
				CLANG_WARN_DIRECT_OBJC_ISA_USAGE = YES_ERROR;
				CLANG_WARN_DOCUMENTATION_COMMENTS = YES;
				CLANG_WARN_EMPTY_BODY = YES;
				CLANG_WARN_ENUM_CONVERSION = YES;
				CLANG_WARN_INFINITE_RECURSION = YES;
				CLANG_WARN_INT_CONVERSION = YES;
				CLANG_WARN_NON_LITERAL_NULL_CONVERSION = YES;
				CLANG_WARN_OBJC_IMPLICIT_RETAIN_CYCLE = YES;
				CLANG_WARN_OBJC_LITERAL_CONVERSION = YES;
				CLANG_WARN_OBJC_ROOT_CLASS = YES_ERROR;
				CLANG_WARN_QUOTED_INCLUDE_IN_FRAMEWORK_HEADER = YES;
				CLANG_WARN_RANGE_LOOP_ANALYSIS = YES;
				CLANG_WARN_STRICT_PROTOTYPES = YES;
				CLANG_WARN_SUSPICIOUS_MOVE = YES;
				CLANG_WARN_UNGUARDED_AVAILABILITY = YES_AGGRESSIVE;
				CLANG_WARN_UNREACHABLE_CODE = YES;
				CLANG_WARN__DUPLICATE_METHOD_MATCH = YES;
				COPY_PHASE_STRIP = NO;
				DEBUG_INFORMATION_FORMAT = "dwarf-with-dsym";
				ENABLE_NS_ASSERTIONS = NO;
				ENABLE_STRICT_OBJC_MSGSEND = YES;
				ENABLE_USER_SCRIPT_SANDBOXING = NO;
				GCC_C_LANGUAGE_STANDARD = gnu17;
				GCC_NO_COMMON_BLOCKS = YES;
				GCC_WARN_64_TO_32_BIT_CONVERSION = YES;
				GCC_WARN_ABOUT_RETURN_TYPE = YES_ERROR;
				GCC_WARN_UNDECLARED_SELECTOR = YES;
				GCC_WARN_UNINITIALIZED_AUTOS = YES_AGGRESSIVE;
				GCC_WARN_UNUSED_FUNCTION = YES;
				GCC_WARN_UNUSED_VARIABLE = YES;
				IPHONEOS_DEPLOYMENT_TARGET = 16.0;
				MTL_FAST_MATH = YES;
				SDKROOT = iphoneos;
				SWIFT_COMPILATION_MODE = wholemodule;
				SWIFT_OPTIMIZATION_LEVEL = "-O";
				VALIDATE_PRODUCT = YES;
			};
			name = Release;
		};
		AA0100C2000000000000001A /* Debug */ = {
			isa = XCBuildConfiguration;
			buildSettings = {
				ASSETCATALOG_COMPILER_APPICON_NAME = AppIcon;
				ASSETCATALOG_COMPILER_GLOBAL_ACCENT_COLOR_NAME = AccentColor;
				CODE_SIGN_STYLE = Automatic;
				CURRENT_PROJECT_VERSION = 1;
				ENABLE_PREVIEWS = YES;
				GENERATE_INFOPLIST_FILE = NO;
				INFOPLIST_FILE = GBALinkEmulator/Info.plist;
				IPHONEOS_DEPLOYMENT_TARGET = 16.0;
				LD_RUNPATH_SEARCH_PATHS = (
					"$(inherited)",
					"@executable_path/Frameworks",
				);
				MARKETING_VERSION = 1.0;
				PRODUCT_BUNDLE_IDENTIFIER = com.guizinho.GBALinkEmulator;
				PRODUCT_NAME = "$(TARGET_NAME)";
				SWIFT_EMIT_LOC_STRINGS = YES;
				SWIFT_OBJC_BRIDGING_HEADER = "GBALinkEmulator/GBALinkEmulator-Bridging-Header.h";
				SWIFT_VERSION = 5.0;
				TARGETED_DEVICE_FAMILY = "1,2";
			};
			name = Debug;
		};
		AA0100C3000000000000001A /* Release */ = {
			isa = XCBuildConfiguration;
			buildSettings = {
				ASSETCATALOG_COMPILER_APPICON_NAME = AppIcon;
				ASSETCATALOG_COMPILER_GLOBAL_ACCENT_COLOR_NAME = AccentColor;
				CODE_SIGN_STYLE = Automatic;
				CURRENT_PROJECT_VERSION = 1;
				ENABLE_PREVIEWS = YES;
				GENERATE_INFOPLIST_FILE = NO;
				INFOPLIST_FILE = GBALinkEmulator/Info.plist;
				IPHONEOS_DEPLOYMENT_TARGET = 16.0;
				LD_RUNPATH_SEARCH_PATHS = (
					"$(inherited)",
					"@executable_path/Frameworks",
				);
				MARKETING_VERSION = 1.0;
				PRODUCT_BUNDLE_IDENTIFIER = com.guizinho.GBALinkEmulator;
				PRODUCT_NAME = "$(TARGET_NAME)";
				SWIFT_EMIT_LOC_STRINGS = YES;
				SWIFT_OBJC_BRIDGING_HEADER = "GBALinkEmulator/GBALinkEmulator-Bridging-Header.h";
				SWIFT_VERSION = 5.0;
				TARGETED_DEVICE_FAMILY = "1,2";
			};
			name = Release;
		};
/* End XCBuildConfiguration section */

/* Begin XCConfigurationList section */
		AA0100B0000000000000001A /* Build configuration list for PBXNativeTarget "GBALinkEmulator" */ = {
			isa = XCConfigurationList;
			buildConfigurations = (
				AA0100C2000000000000001A /* Debug */,
				AA0100C3000000000000001A /* Release */,
			);
			defaultConfigurationIsVisible = 0;
			defaultConfigurationName = Release;
		};
		AA0100BB000000000000001A /* Build configuration list for PBXProject "GBALinkEmulator" */ = {
			isa = XCConfigurationList;
			buildConfigurations = (
				AA0100C0000000000000001A /* Debug */,
				AA0100C1000000000000001A /* Release */,
			);
			defaultConfigurationIsVisible = 0;
			defaultConfigurationName = Release;
		};
/* End XCConfigurationList section */
	};
	rootObject = AA0100AA000000000000001A /* Project object */;
}
